
Microsoft Visual Studio Solution File, Format Version 12.00
# Visual Studio Version 17
VisualStudioVersion = 17.14.36623.8 d17.14
MinimumVisualStudioVersion = 10.0.40219.1
Project("{FAE04EC0-301F-11D3-BF4B-00C04F79EFBC}") = "EventosBackend.Tests", "EventosBackend.Tests.csproj", "{A9FB0E2B-8C5D-92FD-8822-F8832B879020}"
EndProject
Global
	GlobalSection(SolutionConfigurationPlatforms) = preSolution
		Debug|Any CPU = Debug|Any CPU
		Release|Any CPU = Release|Any CPU
	EndGlobalSection
	GlobalSection(ProjectConfigurationPlatforms) = postSolution
		{A9FB0E2B-8C5D-92FD-8822-F8832B879020}.Debug|Any CPU.ActiveCfg = Debug|Any CPU
		{A9FB0E2B-8C5D-92FD-8822-F8832B879020}.Debug|Any CPU.Build.0 = Debug|Any CPU
		{A9FB0E2B-8C5D-92FD-8822-F8832B879020}.Release|Any CPU.ActiveCfg = Release|Any CPU
		{A9FB0E2B-8C5D-92FD-8822-F8832B879020}.Release|Any CPU.Build.0 = Release|Any CPU
	EndGlobalSection
	GlobalSection(SolutionProperties) = preSolution
		HideSolutionNode = FALSE
	EndGlobalSection
	GlobalSection(ExtensibilityGlobals) = postSolution
		SolutionGuid = {A180CFDD-4C7B-4DC8-A167-E5D2A9CC1F01}
	EndGlobalSection
EndGlobal
